// !$*UTF8*$!
{
	archiveVersion = 1;
	classes = {
	};
	objectVersion = 56;
	objects = {

/* Begin PBXBuildFile section */
		1F4710B12AEEC1AB00F66128 /* ComposableArchitectureSampleApp.swift in Sources */ = {isa = PBXBuildFile; fileRef = 1F4710B02AEEC1AB00F66128 /* ComposableArchitectureSampleApp.swift */; };
		1F4710B32AEEC1AB00F66128 /* ContentView.swift in Sources */ = {isa = PBXBuildFile; fileRef = 1F4710B22AEEC1AB00F66128 /* ContentView.swift */; };
		1F4710B52AEEC1AC00F66128 /* Assets.xcassets in Resources */ = {isa = PBXBuildFile; fileRef = 1F4710B42AEEC1AC00F66128 /* Assets.xcassets */; };
		1F4710B82AEEC1AC00F66128 /* Preview Assets.xcassets in Resources */ = {isa = PBXBuildFile; fileRef = 1F4710B72AEEC1AC00F66128 /* Preview Assets.xcassets */; };
		1F4710C02AEEC5B800F66128 /* ComposableArchitecture in Frameworks */ = {isa = PBXBuildFile; productRef = 1F4710BF2AEEC5B800F66128 /* ComposableArchitecture */; };
		1F4710C22AEEC64A00F66128 /* CounterFeature.swift in Sources */ = {isa = PBXBuildFile; fileRef = 1F4710C12AEEC64A00F66128 /* CounterFeature.swift */; };
		1F4710C42AEEC7F100F66128 /* CounterView.swift in Sources */ = {isa = PBXBuildFile; fileRef = 1F4710C32AEEC7F100F66128 /* CounterView.swift */; };
/* End PBXBuildFile section */

/* Begin PBXFileReference section */
		1F4710AD2AEEC1AB00F66128 /* ComposableArchitectureSample.app */ = {isa = PBXFileReference; explicitFileType = wrapper.application; includeInIndex = 0; path = ComposableArchitectureSample.app; sourceTree = BUILT_PRODUCTS_DIR; };
		1F4710B02AEEC1AB00F66128 /* ComposableArchitectureSampleApp.swift */ = {isa = PBXFileReference; lastKnownFileType = sourcecode.swift; path = ComposableArchitectureSampleApp.swift; sourceTree = "<group>"; };
		1F4710B22AEEC1AB00F66128 /* ContentView.swift */ = {isa = PBXFileReference; lastKnownFileType = sourcecode.swift; path = ContentView.swift; sourceTree = "<group>"; };
		1F4710B42AEEC1AC00F66128 /* Assets.xcassets */ = {isa = PBXFileReference; lastKnownFileType = folder.assetcatalog; path = Assets.xcassets; sourceTree = "<group>"; };
		1F4710B72AEEC1AC00F66128 /* Preview Assets.xcassets */ = {isa = PBXFileReference; lastKnownFileType = folder.assetcatalog; path = "Preview Assets.xcassets"; sourceTree = "<group>"; };
		1F4710C12AEEC64A00F66128 /* CounterFeature.swift */ = {isa = PBXFileReference; lastKnownFileType = sourcecode.swift; path = CounterFeature.swift; sourceTree = "<group>"; };
		1F4710C32AEEC7F100F66128 /* CounterView.swift */ = {isa = PBXFileReference; lastKnownFileType = sourcecode.swift; path = CounterView.swift; sourceTree = "<group>"; };
/* End PBXFileReference section */

/* Begin PBXFrameworksBuildPhase section */
		1F4710AA2AEEC1AB00F66128 /* Frameworks */ = {
			isa = PBXFrameworksBuildPhase;
			buildActionMask = 2147483647;
			files = (
				1F4710C02AEEC5B800F66128 /* ComposableArchitecture in Frameworks */,
			);
			runOnlyForDeploymentPostprocessing = 0;
		};
/* End PBXFrameworksBuildPhase section */

/* Begin PBXGroup section */
		1F4710A42AEEC1AB00F66128 = {
			isa = PBXGroup;
			children = (
				1F4710AF2AEEC1AB00F66128 /* ComposableArchitectureSample */,
				1F4710AE2AEEC1AB00F66128 /* Products */,
			);
			sourceTree = "<group>";
		};
		1F4710AE2AEEC1AB00F66128 /* Products */ = {
			isa = PBXGroup;
			children = (
				1F4710AD2AEEC1AB00F66128 /* ComposableArchitectureSample.app */,
			);
			name = Products;
			sourceTree = "<group>";
		};
		1F4710AF2AEEC1AB00F66128 /* ComposableArchitectureSample */ = {
			isa = PBXGroup;
			children = (
				1F4710B02AEEC1AB00F66128 /* ComposableArchitectureSampleApp.swift */,
				1F4710C12AEEC64A00F66128 /* CounterFeature.swift */,
				1F4710B22AEEC1AB00F66128 /* ContentView.swift */,
				1F4710C32AEEC7F100F66128 /* CounterView.swift */,
				1F4710B42AEEC1AC00F66128 /* Assets.xcassets */,
				1F4710B62AEEC1AC00F66128 /* Preview Content */,
			);
			path = ComposableArchitectureSample;
			sourceTree = "<group>";
		};
		1F4710B62AEEC1AC00F66128 /* Preview Content */ = {
			isa = PBXGroup;
			children = (
				1F4710B72AEEC1AC00F66128 /* Preview Assets.xcassets */,
			);
			path = "Preview Content";
			sourceTree = "<group>";
		};
/* End PBXGroup section */

/* Begin PBXNativeTarget section */
		1F4710AC2AEEC1AB00F66128 /* ComposableArchitectureSample */ = {
			isa = PBXNativeTarget;
			buildConfigurationList = 1F4710BB2AEEC1AC00F66128 /* Build configuration list for PBXNativeTarget "ComposableArchitectureSample" */;
			buildPhases = (
				1F4710A92AEEC1AB00F66128 /* Sources */,
				1F4710AA2AEEC1AB00F66128 /* Frameworks */,
				1F4710AB2AEEC1AB00F66128 /* Resources */,
			);
			buildRules = (
			);
			dependencies = (
			);
			name = ComposableArchitectureSample;
			packageProductDependencies = (
				1F4710BF2AEEC5B800F66128 /* ComposableArchitecture */,
			);
			productName = ComposableArchitectureSample;
			productReference = 1F4710AD2AEEC1AB00F66128 /* ComposableArchitectureSample.app */;
			productType = "com.apple.product-type.application";
		};
/* End PBXNativeTarget section */

/* Begin PBXProject section */
		1F4710A52AEEC1AB00F66128 /* Project object */ = {
			isa = PBXProject;
			attributes = {
				BuildIndependentTargetsInParallel = 1;
				LastSwiftUpdateCheck = 1500;
				LastUpgradeCheck = 1500;
				TargetAttributes = {
					1F4710AC2AEEC1AB00F66128 = {
						CreatedOnToolsVersion = 15.0.1;
					};
				};
			};
			buildConfigurationList = 1F4710A82AEEC1AB00F66128 /* Build configuration list for PBXProject "ComposableArchitectureSample" */;
			compatibilityVersion = "Xcode 14.0";
			developmentRegion = en;
			hasScannedForEncodings = 0;
			knownRegions = (
				en,
				Base,
			);
			mainGroup = 1F4710A42AEEC1AB00F66128;
			packageReferences = (
				1F4710BE2AEEC5B800F66128 /* XCRemoteSwiftPackageReference "swift-composable-architecture" */,
			);
			productRefGroup = 1F4710AE2AEEC1AB00F66128 /* Products */;
			projectDirPath = "";
			projectRoot = "";
			targets = (
				1F4710AC2AEEC1AB00F66128 /* ComposableArchitectureSample */,
			);
		};
/* End PBXProject section */

/* Begin PBXResourcesBuildPhase section */
		1F4710AB2AEEC1AB00F66128 /* Resources */ = {
			isa = PBXResourcesBuildPhase;
			buildActionMask = 2147483647;
			files = (
				1F4710B82AEEC1AC00F66128 /* Preview Assets.xcassets in Resources */,
				1F4710B52AEEC1AC00F66128 /* Assets.xcassets in Resources */,
			);
			runOnlyForDeploymentPostprocessing = 0;
		};
/* End PBXResourcesBuildPhase section */

/* Begin PBXSourcesBuildPhase section */
		1F4710A92AEEC1AB00F66128 /* Sources */ = {
			isa = PBXSourcesBuildPhase;
			buildActionMask = 2147483647;
			files = (
				1F4710C22AEEC64A00F66128 /* CounterFeature.swift in Sources */,
				1F4710B32AEEC1AB00F66128 /* ContentView.swift in Sources */,
				1F4710B12AEEC1AB00F66128 /* ComposableArchitectureSampleApp.swift in Sources */,
				1F4710C42AEEC7F100F66128 /* CounterView.swift in Sources */,
			);
			runOnlyForDeploymentPostprocessing = 0;
		};
/* End PBXSourcesBuildPhase section */

/* Begin XCBuildConfiguration section */
		1F4710B92AEEC1AC00F66128 /* Debug */ = {
			isa = XCBuildConfiguration;
			buildSettings = {
				ALWAYS_SEARCH_USER_PATHS = NO;
				ASSETCATALOG_COMPILER_GENERATE_SWIFT_ASSET_SYMBOL_EXTENSIONS = YES;
				CLANG_ANALYZER_NONNULL = YES;
				CLANG_ANALYZER_NUMBER_OBJECT_CONVERSION = YES_AGGRESSIVE;
				CLANG_CXX_LANGUAGE_STANDARD = "gnu++20";
				CLANG_ENABLE_MODULES = YES;
				CLANG_ENABLE_OBJC_ARC = YES;
				CLANG_ENABLE_OBJC_WEAK = YES;
				CLANG_WARN_BLOCK_CAPTURE_AUTORELEASING = YES;
				CLANG_WARN_BOOL_CONVERSION = YES;
				CLANG_WARN_COMMA = YES;
				CLANG_WARN_CONSTANT_CONVERSION = YES;
				CLANG_WARN_DEPRECATED_OBJC_IMPLEMENTATIONS = YES;
				CLANG_WARN_DIRECT_OBJC_ISA_USAGE = YES_ERROR;
				CLANG_WARN_DOCUMENTATION_COMMENTS = YES;
				CLANG_WARN_EMPTY_BODY = YES;
				CLANG_WARN_ENUM_CONVERSION = YES;
				CLANG_WARN_INFINITE_RECURSION = YES;
				CLANG_WARN_INT_CONVERSION = YES;
				CLANG_WARN_NON_LITERAL_NULL_CONVERSION = YES;
				CLANG_WARN_OBJC_IMPLICIT_RETAIN_SELF = YES;
				CLANG_WARN_OBJC_LITERAL_CONVERSION = YES;
				CLANG_WARN_OBJC_ROOT_CLASS = YES_ERROR;
				CLANG_WARN_QUOTED_INCLUDE_IN_FRAMEWORK_HEADER = YES;
				CLANG_WARN_RANGE_LOOP_ANALYSIS = YES;
				CLANG_WARN_STRICT_PROTOTYPES = YES;
				CLANG_WARN_SUSPICIOUS_MOVE = YES;
				CLANG_WARN_UNGUARDED_AVAILABILITY = YES_AGGRESSIVE;
				CLANG_WARN_UNREACHABLE_CODE = YES;
				CLANG_WARN__DUPLICATE_METHOD_MATCH = YES;
				COPY_PHASE_STRIP = NO;
				DEBUG_INFORMATION_FORMAT = dwarf;
				ENABLE_STRICT_OBJC_MSGSEND = YES;
				ENABLE_TESTABILITY = YES;
				ENABLE_USER_SCRIPT_SANDBOXING = YES;
				GCC_C_LANGUAGE_STANDARD = gnu17;
				GCC_DYNAMIC_NO_PIC = NO;
				GCC_NO_COMMON_BLOCKS = YES;
				GCC_OPTIMIZATION_LEVEL = 0;
				GCC_PREPROCESSOR_DEFINITIONS = (
					"DEBUG=1",
					"$(inherited)",
				);
				GCC_WARN_64_TO_32_BIT_CONVERSION = YES;
				GCC_WARN_ABOUT_RETURN_TYPE = YES_ERROR;
				GCC_WARN_UNDECLARED_SELECTOR = YES;
				GCC_WARN_UNINITIALIZED_AUTOS = YES_AGGRESSIVE;
				GCC_WARN_UNUSED_FUNCTION = YES;
				GCC_WARN_UNUSED_VARIABLE = YES;
				IPHONEOS_DEPLOYMENT_TARGET = 17.0;
				LOCALIZATION_PREFERS_STRING_CATALOGS = YES;
				MTL_ENABLE_DEBUG_INFO = INCLUDE_SOURCE;
				MTL_FAST_MATH = YES;
				ONLY_ACTIVE_ARCH = YES;
				SDKROOT = iphoneos;
				SWIFT_ACTIVE_COMPILATION_CONDITIONS = "DEBUG $(inherited)";
				SWIFT_OPTIMIZATION_LEVEL = "-Onone";
			};
			name = Debug;
		};
		1F4710BA2AEEC1AC00F66128 /* Release */ = {
			isa = XCBuildConfiguration;
			buildSettings = {
				ALWAYS_SEARCH_USER_PATHS = NO;
				ASSETCATALOG_COMPILER_GENERATE_SWIFT_ASSET_SYMBOL_EXTENSIONS = YES;
				CLANG_ANALYZER_NONNULL = YES;
				CLANG_ANALYZER_NUMBER_OBJECT_CONVERSION = YES_AGGRESSIVE;
				CLANG_CXX_LANGUAGE_STANDARD = "gnu++20";
				CLANG_ENABLE_MODULES = YES;
				CLANG_ENABLE_OBJC_ARC = YES;
				CLANG_ENABLE_OBJC_WEAK = YES;
				CLANG_WARN_BLOCK_CAPTURE_AUTORELEASING = YES;
				CLANG_WARN_BOOL_CONVERSION = YES;
				CLANG_WARN_COMMA = YES;
				CLANG_WARN_CONSTANT_CONVERSION = YES;
				CLANG_WARN_DEPRECATED_OBJC_IMPLEMENTATIONS = YES;
				CLANG_WARN_DIRECT_OBJC_ISA_USAGE = YES_ERROR;
				CLANG_WARN_DOCUMENTATION_COMMENTS = YES;
				CLANG_WARN_EMPTY_BODY = YES;
				CLANG_WARN_ENUM_CONVERSION = YES;
				CLANG_WARN_INFINITE_RECURSION = YES;
				CLANG_WARN_INT_CONVERSION = YES;
				CLANG_WARN_NON_LITERAL_NULL_CONVERSION = YES;
				CLANG_WARN_OBJC_IMPLICIT_RETAIN_SELF = YES;
				CLANG_WARN_OBJC_LITERAL_CONVERSION = YES;
				CLANG_WARN_OBJC_ROOT_CLASS = YES_ERROR;
				CLANG_WARN_QUOTED_INCLUDE_IN_FRAMEWORK_HEADER = YES;
				CLANG_WARN_RANGE_LOOP_ANALYSIS = YES;
				CLANG_WARN_STRICT_PROTOTYPES = YES;
				CLANG_WARN_SUSPICIOUS_MOVE = YES;
				CLANG_WARN_UNGUARDED_AVAILABILITY = YES_AGGRESSIVE;
				CLANG_WARN_UNREACHABLE_CODE = YES;
				CLANG_WARN__DUPLICATE_METHOD_MATCH = YES;
				COPY_PHASE_STRIP = NO;
				DEBUG_INFORMATION_FORMAT = "dwarf-with-dsym";
				ENABLE_NS_ASSERTIONS = NO;
				ENABLE_STRICT_OBJC_MSGSEND = YES;
				ENABLE_USER_SCRIPT_SANDBOXING = YES;
				GCC_C_LANGUAGE_STANDARD = gnu17;
				GCC_NO_COMMON_BLOCKS = YES;
				GCC_WARN_64_TO_32_BIT_CONVERSION = YES;
				GCC_WARN_ABOUT_RETURN_TYPE = YES_ERROR;
				GCC_WARN_UNDECLARED_SELECTOR = YES;
				GCC_WARN_UNINITIALIZED_AUTOS = YES_AGGRESSIVE;
				GCC_WARN_UNUSED_FUNCTION = YES;
				GCC_WARN_UNUSED_VARIABLE = YES;
				IPHONEOS_DEPLOYMENT_TARGET = 17.0;
				LOCALIZATION_PREFERS_STRING_CATALOGS = YES;
				MTL_ENABLE_DEBUG_INFO = NO;
				MTL_FAST_MATH = YES;
				SDKROOT = iphoneos;
				SWIFT_COMPILATION_MODE = wholemodule;
				VALIDATE_PRODUCT = YES;
			};
			name = Release;
		};
		1F4710BC2AEEC1AC00F66128 /* Debug */ = {
			isa = XCBuildConfiguration;
			buildSettings = {
				ASSETCATALOG_COMPILER_APPICON_NAME = AppIcon;
				ASSETCATALOG_COMPILER_GLOBAL_ACCENT_COLOR_NAME = AccentColor;
				CODE_SIGN_STYLE = Automatic;
				CURRENT_PROJECT_VERSION = 1;
				DEVELOPMENT_ASSET_PATHS = "\"ComposableArchitectureSample/Preview Content\"";
				DEVELOPMENT_TEAM = 67Q5VK8T9L;
				ENABLE_PREVIEWS = YES;
				GENERATE_INFOPLIST_FILE = YES;
				INFOPLIST_KEY_UIApplicationSceneManifest_Generation = YES;
				INFOPLIST_KEY_UIApplicationSupportsIndirectInputEvents = YES;
				INFOPLIST_KEY_UILaunchScreen_Generation = YES;
				INFOPLIST_KEY_UISupportedInterfaceOrientations_iPad = "UIInterfaceOrientationPortrait UIInterfaceOrientationPortraitUpsideDown UIInterfaceOrientationLandscapeLeft UIInterfaceOrientationLandscapeRight";
				INFOPLIST_KEY_UISupportedInterfaceOrientations_iPhone = "UIInterfaceOrientationPortrait UIInterfaceOrientationLandscapeLeft UIInterfaceOrientationLandscapeRight";
				LD_RUNPATH_SEARCH_PATHS = (
					"$(inherited)",
					"@executable_path/Frameworks",
				);
				MARKETING_VERSION = 1.0;
				PRODUCT_BUNDLE_IDENTIFIER = makersmarkcompany.ComposableArchitectureSample;
				PRODUCT_NAME = "$(TARGET_NAME)";
				SWIFT_EMIT_LOC_STRINGS = YES;
				SWIFT_VERSION = 5.0;
				TARGETED_DEVICE_FAMILY = "1,2";
			};
			name = Debug;
		};
		1F4710BD2AEEC1AC00F66128 /* Release */ = {
			isa = XCBuildConfiguration;
			buildSettings = {
				ASSETCATALOG_COMPILER_APPICON_NAME = AppIcon;
				ASSETCATALOG_COMPILER_GLOBAL_ACCENT_COLOR_NAME = AccentColor;
				CODE_SIGN_STYLE = Automatic;
				CURRENT_PROJECT_VERSION = 1;
				DEVELOPMENT_ASSET_PATHS = "\"ComposableArchitectureSample/Preview Content\"";
				DEVELOPMENT_TEAM = 67Q5VK8T9L;
				ENABLE_PREVIEWS = YES;
				GENERATE_INFOPLIST_FILE = YES;
				INFOPLIST_KEY_UIApplicationSceneManifest_Generation = YES;
				INFOPLIST_KEY_UIApplicationSupportsIndirectInputEvents = YES;
				INFOPLIST_KEY_UILaunchScreen_Generation = YES;
				INFOPLIST_KEY_UISupportedInterfaceOrientations_iPad = "UIInterfaceOrientationPortrait UIInterfaceOrientationPortraitUpsideDown UIInterfaceOrientationLandscapeLeft UIInterfaceOrientationLandscapeRight";
				INFOPLIST_KEY_UISupportedInterfaceOrientations_iPhone = "UIInterfaceOrientationPortrait UIInterfaceOrientationLandscapeLeft UIInterfaceOrientationLandscapeRight";
				LD_RUNPATH_SEARCH_PATHS = (
					"$(inherited)",
					"@executable_path/Frameworks",
				);
				MARKETING_VERSION = 1.0;
				PRODUCT_BUNDLE_IDENTIFIER = makersmarkcompany.ComposableArchitectureSample;
				PRODUCT_NAME = "$(TARGET_NAME)";
				SWIFT_EMIT_LOC_STRINGS = YES;
				SWIFT_VERSION = 5.0;
				TARGETED_DEVICE_FAMILY = "1,2";
			};
			name = Release;
		};
/* End XCBuildConfiguration section */

/* Begin XCConfigurationList section */
		1F4710A82AEEC1AB00F66128 /* Build configuration list for PBXProject "ComposableArchitectureSample" */ = {
			isa = XCConfigurationList;
			buildConfigurations = (
				1F4710B92AEEC1AC00F66128 /* Debug */,
				1F4710BA2AEEC1AC00F66128 /* Release */,
			);
			defaultConfigurationIsVisible = 0;
			defaultConfigurationName = Release;
		};
		1F4710BB2AEEC1AC00F66128 /* Build configuration list for PBXNativeTarget "ComposableArchitectureSample" */ = {
			isa = XCConfigurationList;
			buildConfigurations = (
				1F4710BC2AEEC1AC00F66128 /* Debug */,
				1F4710BD2AEEC1AC00F66128 /* Release */,
			);
			defaultConfigurationIsVisible = 0;
			defaultConfigurationName = Release;
		};
/* End XCConfigurationList section */

/* Begin XCRemoteSwiftPackageReference section */
		1F4710BE2AEEC5B800F66128 /* XCRemoteSwiftPackageReference "swift-composable-architecture" */ = {
			isa = XCRemoteSwiftPackageReference;
			repositoryURL = "http://github.com/pointfreeco/swift-composable-architecture";
			requirement = {
				kind = upToNextMajorVersion;
				minimumVersion = 1.3.0;
			};
		};
/* End XCRemoteSwiftPackageReference section */

/* Begin XCSwiftPackageProductDependency section */
		1F4710BF2AEEC5B800F66128 /* ComposableArchitecture */ = {
			isa = XCSwiftPackageProductDependency;
			package = 1F4710BE2AEEC5B800F66128 /* XCRemoteSwiftPackageReference "swift-composable-architecture" */;
			productName = ComposableArchitecture;
		};
/* End XCSwiftPackageProductDependency section */
	};
	rootObject = 1F4710A52AEEC1AB00F66128 /* Project object */;
}
